
Microsoft Visual Studio Solution File, Format Version 12.00
# Visual Studio Version 17
VisualStudioVersion = 17.13.35825.156 d17.13
MinimumVisualStudioVersion = 10.0.40219.1
Project("{FAE04EC0-301F-11D3-BF4B-00C04F79EFBC}") = "WindowsCalculator", "WindowsCalculator\WindowsCalculator.csproj", "{7EA7E094-F999-4577-99FB-3FE9343ADA7E}"
EndProject
Global
	GlobalSection(SolutionConfigurationPlatforms) = preSolution
		Debug|Any CPU = Debug|Any CPU
		Release|Any CPU = Release|Any CPU
	EndGlobalSection
	GlobalSection(ProjectConfigurationPlatforms) = postSolution
		{7EA7E094-F999-4577-99FB-3FE9343ADA7E}.Debug|Any CPU.ActiveCfg = Debug|Any CPU
		{7EA7E094-F999-4577-99FB-3FE9343ADA7E}.Debug|Any CPU.Build.0 = Debug|Any CPU
		{7EA7E094-F999-4577-99FB-3FE9343ADA7E}.Release|Any CPU.ActiveCfg = Release|Any CPU
		{7EA7E094-F999-4577-99FB-3FE9343ADA7E}.Release|Any CPU.Build.0 = Release|Any CPU
	EndGlobalSection
	GlobalSection(SolutionProperties) = preSolution
		HideSolutionNode = FALSE
	EndGlobalSection
	GlobalSection(ExtensibilityGlobals) = postSolution
		SolutionGuid = {12950121-BCDB-4E5A-B15B-140D1DCA32F8}
	EndGlobalSection
EndGlobal
